// !$*UTF8*$!
{
	archiveVersion = 1;
	classes = {
	};
	objectVersion = 50;
	objects = {

/* Begin PBXBuildFile section */
		C33E249F219FAB9B00FFA6F7 /* AppDelegate.swift in Sources */ = {isa = PBXBuildFile; fileRef = C33E249E219FAB9B00FFA6F7 /* AppDelegate.swift */; };
		C33E24A4219FAB9B00FFA6F7 /* Main.storyboard in Resources */ = {isa = PBXBuildFile; fileRef = C33E24A2219FAB9B00FFA6F7 /* Main.storyboard */; };
		C33E24A6219FAB9E00FFA6F7 /* Assets.xcassets in Resources */ = {isa = PBXBuildFile; fileRef = C33E24A5219FAB9E00FFA6F7 /* Assets.xcassets */; };
		C33E24A9219FAB9E00FFA6F7 /* LaunchScreen.storyboard in Resources */ = {isa = PBXBuildFile; fileRef = C33E24A7219FAB9E00FFA6F7 /* LaunchScreen.storyboard */; };
		C33E24B4219FAB9E00FFA6F7 /* CrisisTests.swift in Sources */ = {isa = PBXBuildFile; fileRef = C33E24B3219FAB9E00FFA6F7 /* CrisisTests.swift */; };
		C33E24BF219FAB9E00FFA6F7 /* CrisisUITests.swift in Sources */ = {isa = PBXBuildFile; fileRef = C33E24BE219FAB9E00FFA6F7 /* CrisisUITests.swift */; };
		C33E24CD219FAECC00FFA6F7 /* CrisisButtonScreen.swift in Sources */ = {isa = PBXBuildFile; fileRef = C33E24CC219FAECC00FFA6F7 /* CrisisButtonScreen.swift */; };
		C33E24CF219FB42500FFA6F7 /* ViewController.swift in Sources */ = {isa = PBXBuildFile; fileRef = C33E24CE219FB42500FFA6F7 /* ViewController.swift */; };
/* End PBXBuildFile section */

/* Begin PBXContainerItemProxy section */
		C33E24B0219FAB9E00FFA6F7 /* PBXContainerItemProxy */ = {
			isa = PBXContainerItemProxy;
			containerPortal = C33E2493219FAB9B00FFA6F7 /* Project object */;
			proxyType = 1;
			remoteGlobalIDString = C33E249A219FAB9B00FFA6F7;
			remoteInfo = Crisis;
		};
		C33E24BB219FAB9E00FFA6F7 /* PBXContainerItemProxy */ = {
			isa = PBXContainerItemProxy;
			containerPortal = C33E2493219FAB9B00FFA6F7 /* Project object */;
			proxyType = 1;
			remoteGlobalIDString = C33E249A219FAB9B00FFA6F7;
			remoteInfo = Crisis;
		};
/* End PBXContainerItemProxy section */

/* Begin PBXFileReference section */
		C33E249B219FAB9B00FFA6F7 /* Crisis.app */ = {isa = PBXFileReference; explicitFileType = wrapper.application; includeInIndex = 0; path = Crisis.app; sourceTree = BUILT_PRODUCTS_DIR; };
		C33E249E219FAB9B00FFA6F7 /* AppDelegate.swift */ = {isa = PBXFileReference; lastKnownFileType = sourcecode.swift; path = AppDelegate.swift; sourceTree = "<group>"; };
		C33E24A3219FAB9B00FFA6F7 /* Base */ = {isa = PBXFileReference; lastKnownFileType = file.storyboard; name = Base; path = Base.lproj/Main.storyboard; sourceTree = "<group>"; };
		C33E24A5219FAB9E00FFA6F7 /* Assets.xcassets */ = {isa = PBXFileReference; lastKnownFileType = folder.assetcatalog; path = Assets.xcassets; sourceTree = "<group>"; };
		C33E24A8219FAB9E00FFA6F7 /* Base */ = {isa = PBXFileReference; lastKnownFileType = file.storyboard; name = Base; path = Base.lproj/LaunchScreen.storyboard; sourceTree = "<group>"; };
		C33E24AA219FAB9E00FFA6F7 /* Info.plist */ = {isa = PBXFileReference; lastKnownFileType = text.plist.xml; path = Info.plist; sourceTree = "<group>"; };
		C33E24AF219FAB9E00FFA6F7 /* CrisisTests.xctest */ = {isa = PBXFileReference; explicitFileType = wrapper.cfbundle; includeInIndex = 0; path = CrisisTests.xctest; sourceTree = BUILT_PRODUCTS_DIR; };
		C33E24B3219FAB9E00FFA6F7 /* CrisisTests.swift */ = {isa = PBXFileReference; lastKnownFileType = sourcecode.swift; path = CrisisTests.swift; sourceTree = "<group>"; };
		C33E24B5219FAB9E00FFA6F7 /* Info.plist */ = {isa = PBXFileReference; lastKnownFileType = text.plist.xml; path = Info.plist; sourceTree = "<group>"; };
		C33E24BA219FAB9E00FFA6F7 /* CrisisUITests.xctest */ = {isa = PBXFileReference; explicitFileType = wrapper.cfbundle; includeInIndex = 0; path = CrisisUITests.xctest; sourceTree = BUILT_PRODUCTS_DIR; };
		C33E24BE219FAB9E00FFA6F7 /* CrisisUITests.swift */ = {isa = PBXFileReference; lastKnownFileType = sourcecode.swift; path = CrisisUITests.swift; sourceTree = "<group>"; };
		C33E24C0219FAB9E00FFA6F7 /* Info.plist */ = {isa = PBXFileReference; lastKnownFileType = text.plist.xml; path = Info.plist; sourceTree = "<group>"; };
		C33E24CC219FAECC00FFA6F7 /* CrisisButtonScreen.swift */ = {isa = PBXFileReference; lastKnownFileType = sourcecode.swift; path = CrisisButtonScreen.swift; sourceTree = "<group>"; };
		C33E24CE219FB42500FFA6F7 /* ViewController.swift */ = {isa = PBXFileReference; lastKnownFileType = sourcecode.swift; path = ViewController.swift; sourceTree = "<group>"; };
/* End PBXFileReference section */

/* Begin PBXFrameworksBuildPhase section */
		C33E2498219FAB9B00FFA6F7 /* Frameworks */ = {
			isa = PBXFrameworksBuildPhase;
			buildActionMask = 2147483647;
			files = (
			);
			runOnlyForDeploymentPostprocessing = 0;
		};
		C33E24AC219FAB9E00FFA6F7 /* Frameworks */ = {
			isa = PBXFrameworksBuildPhase;
			buildActionMask = 2147483647;
			files = (
			);
			runOnlyForDeploymentPostprocessing = 0;
		};
		C33E24B7219FAB9E00FFA6F7 /* Frameworks */ = {
			isa = PBXFrameworksBuildPhase;
			buildActionMask = 2147483647;
			files = (
			);
			runOnlyForDeploymentPostprocessing = 0;
		};
/* End PBXFrameworksBuildPhase section */

/* Begin PBXGroup section */
		C33E2492219FAB9B00FFA6F7 = {
			isa = PBXGroup;
			children = (
				C33E249D219FAB9B00FFA6F7 /* Crisis */,
				C33E24B2219FAB9E00FFA6F7 /* CrisisTests */,
				C33E24BD219FAB9E00FFA6F7 /* CrisisUITests */,
				C33E249C219FAB9B00FFA6F7 /* Products */,
			);
			sourceTree = "<group>";
		};
		C33E249C219FAB9B00FFA6F7 /* Products */ = {
			isa = PBXGroup;
			children = (
				C33E249B219FAB9B00FFA6F7 /* Crisis.app */,
				C33E24AF219FAB9E00FFA6F7 /* CrisisTests.xctest */,
				C33E24BA219FAB9E00FFA6F7 /* CrisisUITests.xctest */,
			);
			name = Products;
			sourceTree = "<group>";
		};
		C33E249D219FAB9B00FFA6F7 /* Crisis */ = {
			isa = PBXGroup;
			children = (
				C33E249E219FAB9B00FFA6F7 /* AppDelegate.swift */,
				C33E24A2219FAB9B00FFA6F7 /* Main.storyboard */,
				C33E24CE219FB42500FFA6F7 /* ViewController.swift */,
				C33E24A5219FAB9E00FFA6F7 /* Assets.xcassets */,
				C33E24A7219FAB9E00FFA6F7 /* LaunchScreen.storyboard */,
				C33E24AA219FAB9E00FFA6F7 /* Info.plist */,
				C33E24CC219FAECC00FFA6F7 /* CrisisButtonScreen.swift */,
			);
			path = Crisis;
			sourceTree = "<group>";
		};
		C33E24B2219FAB9E00FFA6F7 /* CrisisTests */ = {
			isa = PBXGroup;
			children = (
				C33E24B3219FAB9E00FFA6F7 /* CrisisTests.swift */,
				C33E24B5219FAB9E00FFA6F7 /* Info.plist */,
			);
			path = CrisisTests;
			sourceTree = "<group>";
		};
		C33E24BD219FAB9E00FFA6F7 /* CrisisUITests */ = {
			isa = PBXGroup;
			children = (
				C33E24BE219FAB9E00FFA6F7 /* CrisisUITests.swift */,
				C33E24C0219FAB9E00FFA6F7 /* Info.plist */,
			);
			path = CrisisUITests;
			sourceTree = "<group>";
		};
/* End PBXGroup section */

/* Begin PBXNativeTarget section */
		C33E249A219FAB9B00FFA6F7 /* Crisis */ = {
			isa = PBXNativeTarget;
			buildConfigurationList = C33E24C3219FAB9E00FFA6F7 /* Build configuration list for PBXNativeTarget "Crisis" */;
			buildPhases = (
				C33E2497219FAB9B00FFA6F7 /* Sources */,
				C33E2498219FAB9B00FFA6F7 /* Frameworks */,
				C33E2499219FAB9B00FFA6F7 /* Resources */,
			);
			buildRules = (
			);
			dependencies = (
			);
			name = Crisis;
			productName = Crisis;
			productReference = C33E249B219FAB9B00FFA6F7 /* Crisis.app */;
			productType = "com.apple.product-type.application";
		};
		C33E24AE219FAB9E00FFA6F7 /* CrisisTests */ = {
			isa = PBXNativeTarget;
			buildConfigurationList = C33E24C6219FAB9E00FFA6F7 /* Build configuration list for PBXNativeTarget "CrisisTests" */;
			buildPhases = (
				C33E24AB219FAB9E00FFA6F7 /* Sources */,
				C33E24AC219FAB9E00FFA6F7 /* Frameworks */,
				C33E24AD219FAB9E00FFA6F7 /* Resources */,
			);
			buildRules = (
			);
			dependencies = (
				C33E24B1219FAB9E00FFA6F7 /* PBXTargetDependency */,
			);
			name = CrisisTests;
			productName = CrisisTests;
			productReference = C33E24AF219FAB9E00FFA6F7 /* CrisisTests.xctest */;
			productType = "com.apple.product-type.bundle.unit-test";
		};
		C33E24B9219FAB9E00FFA6F7 /* CrisisUITests */ = {
			isa = PBXNativeTarget;
			buildConfigurationList = C33E24C9219FAB9E00FFA6F7 /* Build configuration list for PBXNativeTarget "CrisisUITests" */;
			buildPhases = (
				C33E24B6219FAB9E00FFA6F7 /* Sources */,
				C33E24B7219FAB9E00FFA6F7 /* Frameworks */,
				C33E24B8219FAB9E00FFA6F7 /* Resources */,
			);
			buildRules = (
			);
			dependencies = (
				C33E24BC219FAB9E00FFA6F7 /* PBXTargetDependency */,
			);
			name = CrisisUITests;
			productName = CrisisUITests;
			productReference = C33E24BA219FAB9E00FFA6F7 /* CrisisUITests.xctest */;
			productType = "com.apple.product-type.bundle.ui-testing";
		};
/* End PBXNativeTarget section */

/* Begin PBXProject section */
		C33E2493219FAB9B00FFA6F7 /* Project object */ = {
			isa = PBXProject;
			attributes = {
				LastSwiftUpdateCheck = 1000;
				LastUpgradeCheck = 1000;
				ORGANIZATIONNAME = "Jay Swanson";
				TargetAttributes = {
					C33E249A219FAB9B00FFA6F7 = {
						CreatedOnToolsVersion = 10.0;
					};
					C33E24AE219FAB9E00FFA6F7 = {
						CreatedOnToolsVersion = 10.0;
						TestTargetID = C33E249A219FAB9B00FFA6F7;
					};
					C33E24B9219FAB9E00FFA6F7 = {
						CreatedOnToolsVersion = 10.0;
						TestTargetID = C33E249A219FAB9B00FFA6F7;
					};
				};
			};
			buildConfigurationList = C33E2496219FAB9B00FFA6F7 /* Build configuration list for PBXProject "Crisis" */;
			compatibilityVersion = "Xcode 9.3";
			developmentRegion = en;
			hasScannedForEncodings = 0;
			knownRegions = (
				en,
				Base,
			);
			mainGroup = C33E2492219FAB9B00FFA6F7;
			productRefGroup = C33E249C219FAB9B00FFA6F7 /* Products */;
			projectDirPath = "";
			projectRoot = "";
			targets = (
				C33E249A219FAB9B00FFA6F7 /* Crisis */,
				C33E24AE219FAB9E00FFA6F7 /* CrisisTests */,
				C33E24B9219FAB9E00FFA6F7 /* CrisisUITests */,
			);
		};
/* End PBXProject section */

/* Begin PBXResourcesBuildPhase section */
		C33E2499219FAB9B00FFA6F7 /* Resources */ = {
			isa = PBXResourcesBuildPhase;
			buildActionMask = 2147483647;
			files = (
				C33E24A9219FAB9E00FFA6F7 /* LaunchScreen.storyboard in Resources */,
				C33E24A6219FAB9E00FFA6F7 /* Assets.xcassets in Resources */,
				C33E24A4219FAB9B00FFA6F7 /* Main.storyboard in Resources */,
			);
			runOnlyForDeploymentPostprocessing = 0;
		};
		C33E24AD219FAB9E00FFA6F7 /* Resources */ = {
			isa = PBXResourcesBuildPhase;
			buildActionMask = 2147483647;
			files = (
			);
			runOnlyForDeploymentPostprocessing = 0;
		};
		C33E24B8219FAB9E00FFA6F7 /* Resources */ = {
			isa = PBXResourcesBuildPhase;
			buildActionMask = 2147483647;
			files = (
			);
			runOnlyForDeploymentPostprocessing = 0;
		};
/* End PBXResourcesBuildPhase section */

/* Begin PBXSourcesBuildPhase section */
		C33E2497219FAB9B00FFA6F7 /* Sources */ = {
			isa = PBXSourcesBuildPhase;
			buildActionMask = 2147483647;
			files = (
				C33E24CF219FB42500FFA6F7 /* ViewController.swift in Sources */,
				C33E24CD219FAECC00FFA6F7 /* CrisisButtonScreen.swift in Sources */,
				C33E249F219FAB9B00FFA6F7 /* AppDelegate.swift in Sources */,
			);
			runOnlyForDeploymentPostprocessing = 0;
		};
		C33E24AB219FAB9E00FFA6F7 /* Sources */ = {
			isa = PBXSourcesBuildPhase;
			buildActionMask = 2147483647;
			files = (
				C33E24B4219FAB9E00FFA6F7 /* CrisisTests.swift in Sources */,
			);
			runOnlyForDeploymentPostprocessing = 0;
		};
		C33E24B6219FAB9E00FFA6F7 /* Sources */ = {
			isa = PBXSourcesBuildPhase;
			buildActionMask = 2147483647;
			files = (
				C33E24BF219FAB9E00FFA6F7 /* CrisisUITests.swift in Sources */,
			);
			runOnlyForDeploymentPostprocessing = 0;
		};
/* End PBXSourcesBuildPhase section */

/* Begin PBXTargetDependency section */
		C33E24B1219FAB9E00FFA6F7 /* PBXTargetDependency */ = {
			isa = PBXTargetDependency;
			target = C33E249A219FAB9B00FFA6F7 /* Crisis */;
			targetProxy = C33E24B0219FAB9E00FFA6F7 /* PBXContainerItemProxy */;
		};
		C33E24BC219FAB9E00FFA6F7 /* PBXTargetDependency */ = {
			isa = PBXTargetDependency;
			target = C33E249A219FAB9B00FFA6F7 /* Crisis */;
			targetProxy = C33E24BB219FAB9E00FFA6F7 /* PBXContainerItemProxy */;
		};
/* End PBXTargetDependency section */

/* Begin PBXVariantGroup section */
		C33E24A2219FAB9B00FFA6F7 /* Main.storyboard */ = {
			isa = PBXVariantGroup;
			children = (
				C33E24A3219FAB9B00FFA6F7 /* Base */,
			);
			name = Main.storyboard;
			sourceTree = "<group>";
		};
		C33E24A7219FAB9E00FFA6F7 /* LaunchScreen.storyboard */ = {
			isa = PBXVariantGroup;
			children = (
				C33E24A8219FAB9E00FFA6F7 /* Base */,
			);
			name = LaunchScreen.storyboard;
			sourceTree = "<group>";
		};
/* End PBXVariantGroup section */

/* Begin XCBuildConfiguration section */
		C33E24C1219FAB9E00FFA6F7 /* Debug */ = {
			isa = XCBuildConfiguration;
			buildSettings = {
				ALWAYS_SEARCH_USER_PATHS = NO;
				CLANG_ANALYZER_NONNULL = YES;
				CLANG_ANALYZER_NUMBER_OBJECT_CONVERSION = YES_AGGRESSIVE;
				CLANG_CXX_LANGUAGE_STANDARD = "gnu++14";
				CLANG_CXX_LIBRARY = "libc++";
				CLANG_ENABLE_MODULES = YES;
				CLANG_ENABLE_OBJC_ARC = YES;
				CLANG_ENABLE_OBJC_WEAK = YES;
				CLANG_WARN_BLOCK_CAPTURE_AUTORELEASING = YES;
				CLANG_WARN_BOOL_CONVERSION = YES;
				CLANG_WARN_COMMA = YES;
				CLANG_WARN_CONSTANT_CONVERSION = YES;
				CLANG_WARN_DEPRECATED_OBJC_IMPLEMENTATIONS = YES;
				CLANG_WARN_DIRECT_OBJC_ISA_USAGE = YES_ERROR;
				CLANG_WARN_DOCUMENTATION_COMMENTS = YES;
				CLANG_WARN_EMPTY_BODY = YES;
				CLANG_WARN_ENUM_CONVERSION = YES;
				CLANG_WARN_INFINITE_RECURSION = YES;
				CLANG_WARN_INT_CONVERSION = YES;
				CLANG_WARN_NON_LITERAL_NULL_CONVERSION = YES;
				CLANG_WARN_OBJC_IMPLICIT_RETAIN_SELF = YES;
				CLANG_WARN_OBJC_LITERAL_CONVERSION = YES;
				CLANG_WARN_OBJC_ROOT_CLASS = YES_ERROR;
				CLANG_WARN_RANGE_LOOP_ANALYSIS = YES;
				CLANG_WARN_STRICT_PROTOTYPES = YES;
				CLANG_WARN_SUSPICIOUS_MOVE = YES;
				CLANG_WARN_UNGUARDED_AVAILABILITY = YES_AGGRESSIVE;
				CLANG_WARN_UNREACHABLE_CODE = YES;
				CLANG_WARN__DUPLICATE_METHOD_MATCH = YES;
				CODE_SIGN_IDENTITY = "iPhone Developer";
				COPY_PHASE_STRIP = NO;
				DEBUG_INFORMATION_FORMAT = dwarf;
				ENABLE_STRICT_OBJC_MSGSEND = YES;
				ENABLE_TESTABILITY = YES;
				GCC_C_LANGUAGE_STANDARD = gnu11;
				GCC_DYNAMIC_NO_PIC = NO;
				GCC_NO_COMMON_BLOCKS = YES;
				GCC_OPTIMIZATION_LEVEL = 0;
				GCC_PREPROCESSOR_DEFINITIONS = (
					"DEBUG=1",
					"$(inherited)",
				);
				GCC_WARN_64_TO_32_BIT_CONVERSION = YES;
				GCC_WARN_ABOUT_RETURN_TYPE = YES_ERROR;
				GCC_WARN_UNDECLARED_SELECTOR = YES;
				GCC_WARN_UNINITIALIZED_AUTOS = YES_AGGRESSIVE;
				GCC_WARN_UNUSED_FUNCTION = YES;
				GCC_WARN_UNUSED_VARIABLE = YES;
				IPHONEOS_DEPLOYMENT_TARGET = 12.0;
				MTL_ENABLE_DEBUG_INFO = INCLUDE_SOURCE;
				MTL_FAST_MATH = YES;
				ONLY_ACTIVE_ARCH = YES;
				SDKROOT = iphoneos;
				SWIFT_ACTIVE_COMPILATION_CONDITIONS = DEBUG;
				SWIFT_OPTIMIZATION_LEVEL = "-Onone";
			};
			name = Debug;
		};
		C33E24C2219FAB9E00FFA6F7 /* Release */ = {
			isa = XCBuildConfiguration;
			buildSettings = {
				ALWAYS_SEARCH_USER_PATHS = NO;
				CLANG_ANALYZER_NONNULL = YES;
				CLANG_ANALYZER_NUMBER_OBJECT_CONVERSION = YES_AGGRESSIVE;
				CLANG_CXX_LANGUAGE_STANDARD = "gnu++14";
				CLANG_CXX_LIBRARY = "libc++";
				CLANG_ENABLE_MODULES = YES;
				CLANG_ENABLE_OBJC_ARC = YES;
				CLANG_ENABLE_OBJC_WEAK = YES;
				CLANG_WARN_BLOCK_CAPTURE_AUTORELEASING = YES;
				CLANG_WARN_BOOL_CONVERSION = YES;
				CLANG_WARN_COMMA = YES;
				CLANG_WARN_CONSTANT_CONVERSION = YES;
				CLANG_WARN_DEPRECATED_OBJC_IMPLEMENTATIONS = YES;
				CLANG_WARN_DIRECT_OBJC_ISA_USAGE = YES_ERROR;
				CLANG_WARN_DOCUMENTATION_COMMENTS = YES;
				CLANG_WARN_EMPTY_BODY = YES;
				CLANG_WARN_ENUM_CONVERSION = YES;
				CLANG_WARN_INFINITE_RECURSION = YES;
				CLANG_WARN_INT_CONVERSION = YES;
				CLANG_WARN_NON_LITERAL_NULL_CONVERSION = YES;
				CLANG_WARN_OBJC_IMPLICIT_RETAIN_SELF = YES;
				CLANG_WARN_OBJC_LITERAL_CONVERSION = YES;
				CLANG_WARN_OBJC_ROOT_CLASS = YES_ERROR;
				CLANG_WARN_RANGE_LOOP_ANALYSIS = YES;
				CLANG_WARN_STRICT_PROTOTYPES = YES;
				CLANG_WARN_SUSPICIOUS_MOVE = YES;
				CLANG_WARN_UNGUARDED_AVAILABILITY = YES_AGGRESSIVE;
				CLANG_WARN_UNREACHABLE_CODE = YES;
				CLANG_WARN__DUPLICATE_METHOD_MATCH = YES;
				CODE_SIGN_IDENTITY = "iPhone Developer";
				COPY_PHASE_STRIP = NO;
				DEBUG_INFORMATION_FORMAT = "dwarf-with-dsym";
				ENABLE_NS_ASSERTIONS = NO;
				ENABLE_STRICT_OBJC_MSGSEND = YES;
				GCC_C_LANGUAGE_STANDARD = gnu11;
				GCC_NO_COMMON_BLOCKS = YES;
				GCC_WARN_64_TO_32_BIT_CONVERSION = YES;
				GCC_WARN_ABOUT_RETURN_TYPE = YES_ERROR;
				GCC_WARN_UNDECLARED_SELECTOR = YES;
				GCC_WARN_UNINITIALIZED_AUTOS = YES_AGGRESSIVE;
				GCC_WARN_UNUSED_FUNCTION = YES;
				GCC_WARN_UNUSED_VARIABLE = YES;
				IPHONEOS_DEPLOYMENT_TARGET = 12.0;
				MTL_ENABLE_DEBUG_INFO = NO;
				MTL_FAST_MATH = YES;
				SDKROOT = iphoneos;
				SWIFT_COMPILATION_MODE = wholemodule;
				SWIFT_OPTIMIZATION_LEVEL = "-O";
				VALIDATE_PRODUCT = YES;
			};
			name = Release;
		};
		C33E24C4219FAB9E00FFA6F7 /* Debug */ = {
			isa = XCBuildConfiguration;
			buildSettings = {
				ASSETCATALOG_COMPILER_APPICON_NAME = AppIcon;
				CODE_SIGN_IDENTITY = "iPhone Developer";
				CODE_SIGN_STYLE = Automatic;
				DEVELOPMENT_TEAM = Z3C97AS7QU;
				INFOPLIST_FILE = Crisis/Info.plist;
				LD_RUNPATH_SEARCH_PATHS = (
					"$(inherited)",
					"@executable_path/Frameworks",
				);
				PRODUCT_BUNDLE_IDENTIFIER = JaySwan.Crisis;
				PRODUCT_NAME = "$(TARGET_NAME)";
				PROVISIONING_PROFILE_SPECIFIER = "";
				SWIFT_VERSION = 4.2;
				TARGETED_DEVICE_FAMILY = "1,2";
			};
			name = Debug;
		};
		C33E24C5219FAB9E00FFA6F7 /* Release */ = {
			isa = XCBuildConfiguration;
			buildSettings = {
				ASSETCATALOG_COMPILER_APPICON_NAME = AppIcon;
				CODE_SIGN_IDENTITY = "iPhone Developer";
				CODE_SIGN_STYLE = Automatic;
				DEVELOPMENT_TEAM = Z3C97AS7QU;
				INFOPLIST_FILE = Crisis/Info.plist;
				LD_RUNPATH_SEARCH_PATHS = (
					"$(inherited)",
					"@executable_path/Frameworks",
				);
				PRODUCT_BUNDLE_IDENTIFIER = JaySwan.Crisis;
				PRODUCT_NAME = "$(TARGET_NAME)";
				PROVISIONING_PROFILE_SPECIFIER = "";
				SWIFT_VERSION = 4.2;
				TARGETED_DEVICE_FAMILY = "1,2";
			};
			name = Release;
		};
		C33E24C7219FAB9E00FFA6F7 /* Debug */ = {
			isa = XCBuildConfiguration;
			buildSettings = {
				ALWAYS_EMBED_SWIFT_STANDARD_LIBRARIES = YES;
				BUNDLE_LOADER = "$(TEST_HOST)";
				CODE_SIGN_STYLE = Automatic;
				INFOPLIST_FILE = CrisisTests/Info.plist;
				LD_RUNPATH_SEARCH_PATHS = (
					"$(inherited)",
					"@executable_path/Frameworks",
					"@loader_path/Frameworks",
				);
				PRODUCT_BUNDLE_IDENTIFIER = JaySwan.CrisisTests;
				PRODUCT_NAME = "$(TARGET_NAME)";
				SWIFT_VERSION = 4.2;
				TARGETED_DEVICE_FAMILY = "1,2";
				TEST_HOST = "$(BUILT_PRODUCTS_DIR)/Crisis.app/Crisis";
			};
			name = Debug;
		};
		C33E24C8219FAB9E00FFA6F7 /* Release */ = {
			isa = XCBuildConfiguration;
			buildSettings = {
				ALWAYS_EMBED_SWIFT_STANDARD_LIBRARIES = YES;
				BUNDLE_LOADER = "$(TEST_HOST)";
				CODE_SIGN_STYLE = Automatic;
				INFOPLIST_FILE = CrisisTests/Info.plist;
				LD_RUNPATH_SEARCH_PATHS = (
					"$(inherited)",
					"@executable_path/Frameworks",
					"@loader_path/Frameworks",
				);
				PRODUCT_BUNDLE_IDENTIFIER = JaySwan.CrisisTests;
				PRODUCT_NAME = "$(TARGET_NAME)";
				SWIFT_VERSION = 4.2;
				TARGETED_DEVICE_FAMILY = "1,2";
				TEST_HOST = "$(BUILT_PRODUCTS_DIR)/Crisis.app/Crisis";
			};
			name = Release;
		};
		C33E24CA219FAB9E00FFA6F7 /* Debug */ = {
			isa = XCBuildConfiguration;
			buildSettings = {
				ALWAYS_EMBED_SWIFT_STANDARD_LIBRARIES = YES;
				CODE_SIGN_STYLE = Automatic;
				INFOPLIST_FILE = CrisisUITests/Info.plist;
				LD_RUNPATH_SEARCH_PATHS = (
					"$(inherited)",
					"@executable_path/Frameworks",
					"@loader_path/Frameworks",
				);
				PRODUCT_BUNDLE_IDENTIFIER = JaySwan.CrisisUITests;
				PRODUCT_NAME = "$(TARGET_NAME)";
				SWIFT_VERSION = 4.2;
				TARGETED_DEVICE_FAMILY = "1,2";
				TEST_TARGET_NAME = Crisis;
			};
			name = Debug;
		};
		C33E24CB219FAB9E00FFA6F7 /* Release */ = {
			isa = XCBuildConfiguration;
			buildSettings = {
				ALWAYS_EMBED_SWIFT_STANDARD_LIBRARIES = YES;
				CODE_SIGN_STYLE = Automatic;
				INFOPLIST_FILE = CrisisUITests/Info.plist;
				LD_RUNPATH_SEARCH_PATHS = (
					"$(inherited)",
					"@executable_path/Frameworks",
					"@loader_path/Frameworks",
				);
				PRODUCT_BUNDLE_IDENTIFIER = JaySwan.CrisisUITests;
				PRODUCT_NAME = "$(TARGET_NAME)";
				SWIFT_VERSION = 4.2;
				TARGETED_DEVICE_FAMILY = "1,2";
				TEST_TARGET_NAME = Crisis;
			};
			name = Release;
		};
/* End XCBuildConfiguration section */

/* Begin XCConfigurationList section */
		C33E2496219FAB9B00FFA6F7 /* Build configuration list for PBXProject "Crisis" */ = {
			isa = XCConfigurationList;
			buildConfigurations = (
				C33E24C1219FAB9E00FFA6F7 /* Debug */,
				C33E24C2219FAB9E00FFA6F7 /* Release */,
			);
			defaultConfigurationIsVisible = 0;
			defaultConfigurationName = Release;
		};
		C33E24C3219FAB9E00FFA6F7 /* Build configuration list for PBXNativeTarget "Crisis" */ = {
			isa = XCConfigurationList;
			buildConfigurations = (
				C33E24C4219FAB9E00FFA6F7 /* Debug */,
				C33E24C5219FAB9E00FFA6F7 /* Release */,
			);
			defaultConfigurationIsVisible = 0;
			defaultConfigurationName = Release;
		};
		C33E24C6219FAB9E00FFA6F7 /* Build configuration list for PBXNativeTarget "CrisisTests" */ = {
			isa = XCConfigurationList;
			buildConfigurations = (
				C33E24C7219FAB9E00FFA6F7 /* Debug */,
				C33E24C8219FAB9E00FFA6F7 /* Release */,
			);
			defaultConfigurationIsVisible = 0;
			defaultConfigurationName = Release;
		};
		C33E24C9219FAB9E00FFA6F7 /* Build configuration list for PBXNativeTarget "CrisisUITests" */ = {
			isa = XCConfigurationList;
			buildConfigurations = (
				C33E24CA219FAB9E00FFA6F7 /* Debug */,
				C33E24CB219FAB9E00FFA6F7 /* Release */,
			);
			defaultConfigurationIsVisible = 0;
			defaultConfigurationName = Release;
		};
/* End XCConfigurationList section */
	};
	rootObject = C33E2493219FAB9B00FFA6F7 /* Project object */;
}
