// !$*UTF8*$!
{
	archiveVersion = 1;
	classes = {
	};
	objectVersion = 50;
	objects = {

/* Begin PBXBuildFile section */
		C33E24DD219FB52F00FFA6F7 /* AppDelegate.swift in Sources */ = {isa = PBXBuildFile; fileRef = C33E24DC219FB52F00FFA6F7 /* AppDelegate.swift */; };
		C33E24DF219FB53000FFA6F7 /* ViewController.swift in Sources */ = {isa = PBXBuildFile; fileRef = C33E24DE219FB53000FFA6F7 /* ViewController.swift */; };
		C33E24E2219FB53000FFA6F7 /* Main.storyboard in Resources */ = {isa = PBXBuildFile; fileRef = C33E24E0219FB53000FFA6F7 /* Main.storyboard */; };
		C33E24E4219FB53100FFA6F7 /* Assets.xcassets in Resources */ = {isa = PBXBuildFile; fileRef = C33E24E3219FB53100FFA6F7 /* Assets.xcassets */; };
		C33E24E7219FB53100FFA6F7 /* LaunchScreen.storyboard in Resources */ = {isa = PBXBuildFile; fileRef = C33E24E5219FB53100FFA6F7 /* LaunchScreen.storyboard */; };
		C33E24F2219FB53100FFA6F7 /* FeelingTests.swift in Sources */ = {isa = PBXBuildFile; fileRef = C33E24F1219FB53100FFA6F7 /* FeelingTests.swift */; };
		C33E24FD219FB53100FFA6F7 /* FeelingUITests.swift in Sources */ = {isa = PBXBuildFile; fileRef = C33E24FC219FB53100FFA6F7 /* FeelingUITests.swift */; };
/* End PBXBuildFile section */

/* Begin PBXContainerItemProxy section */
		C33E24EE219FB53100FFA6F7 /* PBXContainerItemProxy */ = {
			isa = PBXContainerItemProxy;
			containerPortal = C33E24D1219FB52F00FFA6F7 /* Project object */;
			proxyType = 1;
			remoteGlobalIDString = C33E24D8219FB52F00FFA6F7;
			remoteInfo = Feeling;
		};
		C33E24F9219FB53100FFA6F7 /* PBXContainerItemProxy */ = {
			isa = PBXContainerItemProxy;
			containerPortal = C33E24D1219FB52F00FFA6F7 /* Project object */;
			proxyType = 1;
			remoteGlobalIDString = C33E24D8219FB52F00FFA6F7;
			remoteInfo = Feeling;
		};
/* End PBXContainerItemProxy section */

/* Begin PBXFileReference section */
		C33E24D9219FB52F00FFA6F7 /* Feeling.app */ = {isa = PBXFileReference; explicitFileType = wrapper.application; includeInIndex = 0; path = Feeling.app; sourceTree = BUILT_PRODUCTS_DIR; };
		C33E24DC219FB52F00FFA6F7 /* AppDelegate.swift */ = {isa = PBXFileReference; lastKnownFileType = sourcecode.swift; path = AppDelegate.swift; sourceTree = "<group>"; };
		C33E24DE219FB53000FFA6F7 /* ViewController.swift */ = {isa = PBXFileReference; lastKnownFileType = sourcecode.swift; path = ViewController.swift; sourceTree = "<group>"; };
		C33E24E1219FB53000FFA6F7 /* Base */ = {isa = PBXFileReference; lastKnownFileType = file.storyboard; name = Base; path = Base.lproj/Main.storyboard; sourceTree = "<group>"; };
		C33E24E3219FB53100FFA6F7 /* Assets.xcassets */ = {isa = PBXFileReference; lastKnownFileType = folder.assetcatalog; path = Assets.xcassets; sourceTree = "<group>"; };
		C33E24E6219FB53100FFA6F7 /* Base */ = {isa = PBXFileReference; lastKnownFileType = file.storyboard; name = Base; path = Base.lproj/LaunchScreen.storyboard; sourceTree = "<group>"; };
		C33E24E8219FB53100FFA6F7 /* Info.plist */ = {isa = PBXFileReference; lastKnownFileType = text.plist.xml; path = Info.plist; sourceTree = "<group>"; };
		C33E24ED219FB53100FFA6F7 /* FeelingTests.xctest */ = {isa = PBXFileReference; explicitFileType = wrapper.cfbundle; includeInIndex = 0; path = FeelingTests.xctest; sourceTree = BUILT_PRODUCTS_DIR; };
		C33E24F1219FB53100FFA6F7 /* FeelingTests.swift */ = {isa = PBXFileReference; lastKnownFileType = sourcecode.swift; path = FeelingTests.swift; sourceTree = "<group>"; };
		C33E24F3219FB53100FFA6F7 /* Info.plist */ = {isa = PBXFileReference; lastKnownFileType = text.plist.xml; path = Info.plist; sourceTree = "<group>"; };
		C33E24F8219FB53100FFA6F7 /* FeelingUITests.xctest */ = {isa = PBXFileReference; explicitFileType = wrapper.cfbundle; includeInIndex = 0; path = FeelingUITests.xctest; sourceTree = BUILT_PRODUCTS_DIR; };
		C33E24FC219FB53100FFA6F7 /* FeelingUITests.swift */ = {isa = PBXFileReference; lastKnownFileType = sourcecode.swift; path = FeelingUITests.swift; sourceTree = "<group>"; };
		C33E24FE219FB53100FFA6F7 /* Info.plist */ = {isa = PBXFileReference; lastKnownFileType = text.plist.xml; path = Info.plist; sourceTree = "<group>"; };
/* End PBXFileReference section */

/* Begin PBXFrameworksBuildPhase section */
		C33E24D6219FB52F00FFA6F7 /* Frameworks */ = {
			isa = PBXFrameworksBuildPhase;
			buildActionMask = 2147483647;
			files = (
			);
			runOnlyForDeploymentPostprocessing = 0;
		};
		C33E24EA219FB53100FFA6F7 /* Frameworks */ = {
			isa = PBXFrameworksBuildPhase;
			buildActionMask = 2147483647;
			files = (
			);
			runOnlyForDeploymentPostprocessing = 0;
		};
		C33E24F5219FB53100FFA6F7 /* Frameworks */ = {
			isa = PBXFrameworksBuildPhase;
			buildActionMask = 2147483647;
			files = (
			);
			runOnlyForDeploymentPostprocessing = 0;
		};
/* End PBXFrameworksBuildPhase section */

/* Begin PBXGroup section */
		C33E24D0219FB52F00FFA6F7 = {
			isa = PBXGroup;
			children = (
				C33E24DB219FB52F00FFA6F7 /* Feeling */,
				C33E24F0219FB53100FFA6F7 /* FeelingTests */,
				C33E24FB219FB53100FFA6F7 /* FeelingUITests */,
				C33E24DA219FB52F00FFA6F7 /* Products */,
			);
			sourceTree = "<group>";
		};
		C33E24DA219FB52F00FFA6F7 /* Products */ = {
			isa = PBXGroup;
			children = (
				C33E24D9219FB52F00FFA6F7 /* Feeling.app */,
				C33E24ED219FB53100FFA6F7 /* FeelingTests.xctest */,
				C33E24F8219FB53100FFA6F7 /* FeelingUITests.xctest */,
			);
			name = Products;
			sourceTree = "<group>";
		};
		C33E24DB219FB52F00FFA6F7 /* Feeling */ = {
			isa = PBXGroup;
			children = (
				C33E24DC219FB52F00FFA6F7 /* AppDelegate.swift */,
				C33E24DE219FB53000FFA6F7 /* ViewController.swift */,
				C33E24E0219FB53000FFA6F7 /* Main.storyboard */,
				C33E24E3219FB53100FFA6F7 /* Assets.xcassets */,
				C33E24E5219FB53100FFA6F7 /* LaunchScreen.storyboard */,
				C33E24E8219FB53100FFA6F7 /* Info.plist */,
			);
			path = Feeling;
			sourceTree = "<group>";
		};
		C33E24F0219FB53100FFA6F7 /* FeelingTests */ = {
			isa = PBXGroup;
			children = (
				C33E24F1219FB53100FFA6F7 /* FeelingTests.swift */,
				C33E24F3219FB53100FFA6F7 /* Info.plist */,
			);
			path = FeelingTests;
			sourceTree = "<group>";
		};
		C33E24FB219FB53100FFA6F7 /* FeelingUITests */ = {
			isa = PBXGroup;
			children = (
				C33E24FC219FB53100FFA6F7 /* FeelingUITests.swift */,
				C33E24FE219FB53100FFA6F7 /* Info.plist */,
			);
			path = FeelingUITests;
			sourceTree = "<group>";
		};
/* End PBXGroup section */

/* Begin PBXNativeTarget section */
		C33E24D8219FB52F00FFA6F7 /* Feeling */ = {
			isa = PBXNativeTarget;
			buildConfigurationList = C33E2501219FB53100FFA6F7 /* Build configuration list for PBXNativeTarget "Feeling" */;
			buildPhases = (
				C33E24D5219FB52F00FFA6F7 /* Sources */,
				C33E24D6219FB52F00FFA6F7 /* Frameworks */,
				C33E24D7219FB52F00FFA6F7 /* Resources */,
			);
			buildRules = (
			);
			dependencies = (
			);
			name = Feeling;
			productName = Feeling;
			productReference = C33E24D9219FB52F00FFA6F7 /* Feeling.app */;
			productType = "com.apple.product-type.application";
		};
		C33E24EC219FB53100FFA6F7 /* FeelingTests */ = {
			isa = PBXNativeTarget;
			buildConfigurationList = C33E2504219FB53100FFA6F7 /* Build configuration list for PBXNativeTarget "FeelingTests" */;
			buildPhases = (
				C33E24E9219FB53100FFA6F7 /* Sources */,
				C33E24EA219FB53100FFA6F7 /* Frameworks */,
				C33E24EB219FB53100FFA6F7 /* Resources */,
			);
			buildRules = (
			);
			dependencies = (
				C33E24EF219FB53100FFA6F7 /* PBXTargetDependency */,
			);
			name = FeelingTests;
			productName = FeelingTests;
			productReference = C33E24ED219FB53100FFA6F7 /* FeelingTests.xctest */;
			productType = "com.apple.product-type.bundle.unit-test";
		};
		C33E24F7219FB53100FFA6F7 /* FeelingUITests */ = {
			isa = PBXNativeTarget;
			buildConfigurationList = C33E2507219FB53100FFA6F7 /* Build configuration list for PBXNativeTarget "FeelingUITests" */;
			buildPhases = (
				C33E24F4219FB53100FFA6F7 /* Sources */,
				C33E24F5219FB53100FFA6F7 /* Frameworks */,
				C33E24F6219FB53100FFA6F7 /* Resources */,
			);
			buildRules = (
			);
			dependencies = (
				C33E24FA219FB53100FFA6F7 /* PBXTargetDependency */,
			);
			name = FeelingUITests;
			productName = FeelingUITests;
			productReference = C33E24F8219FB53100FFA6F7 /* FeelingUITests.xctest */;
			productType = "com.apple.product-type.bundle.ui-testing";
		};
/* End PBXNativeTarget section */

/* Begin PBXProject section */
		C33E24D1219FB52F00FFA6F7 /* Project object */ = {
			isa = PBXProject;
			attributes = {
				LastSwiftUpdateCheck = 1000;
				LastUpgradeCheck = 1000;
				ORGANIZATIONNAME = "Jay Swanson";
				TargetAttributes = {
					C33E24D8219FB52F00FFA6F7 = {
						CreatedOnToolsVersion = 10.0;
					};
					C33E24EC219FB53100FFA6F7 = {
						CreatedOnToolsVersion = 10.0;
						TestTargetID = C33E24D8219FB52F00FFA6F7;
					};
					C33E24F7219FB53100FFA6F7 = {
						CreatedOnToolsVersion = 10.0;
						TestTargetID = C33E24D8219FB52F00FFA6F7;
					};
				};
			};
			buildConfigurationList = C33E24D4219FB52F00FFA6F7 /* Build configuration list for PBXProject "Feeling" */;
			compatibilityVersion = "Xcode 9.3";
			developmentRegion = en;
			hasScannedForEncodings = 0;
			knownRegions = (
				en,
				Base,
			);
			mainGroup = C33E24D0219FB52F00FFA6F7;
			productRefGroup = C33E24DA219FB52F00FFA6F7 /* Products */;
			projectDirPath = "";
			projectRoot = "";
			targets = (
				C33E24D8219FB52F00FFA6F7 /* Feeling */,
				C33E24EC219FB53100FFA6F7 /* FeelingTests */,
				C33E24F7219FB53100FFA6F7 /* FeelingUITests */,
			);
		};
/* End PBXProject section */

/* Begin PBXResourcesBuildPhase section */
		C33E24D7219FB52F00FFA6F7 /* Resources */ = {
			isa = PBXResourcesBuildPhase;
			buildActionMask = 2147483647;
			files = (
				C33E24E7219FB53100FFA6F7 /* LaunchScreen.storyboard in Resources */,
				C33E24E4219FB53100FFA6F7 /* Assets.xcassets in Resources */,
				C33E24E2219FB53000FFA6F7 /* Main.storyboard in Resources */,
			);
			runOnlyForDeploymentPostprocessing = 0;
		};
		C33E24EB219FB53100FFA6F7 /* Resources */ = {
			isa = PBXResourcesBuildPhase;
			buildActionMask = 2147483647;
			files = (
			);
			runOnlyForDeploymentPostprocessing = 0;
		};
		C33E24F6219FB53100FFA6F7 /* Resources */ = {
			isa = PBXResourcesBuildPhase;
			buildActionMask = 2147483647;
			files = (
			);
			runOnlyForDeploymentPostprocessing = 0;
		};
/* End PBXResourcesBuildPhase section */

/* Begin PBXSourcesBuildPhase section */
		C33E24D5219FB52F00FFA6F7 /* Sources */ = {
			isa = PBXSourcesBuildPhase;
			buildActionMask = 2147483647;
			files = (
				C33E24DF219FB53000FFA6F7 /* ViewController.swift in Sources */,
				C33E24DD219FB52F00FFA6F7 /* AppDelegate.swift in Sources */,
			);
			runOnlyForDeploymentPostprocessing = 0;
		};
		C33E24E9219FB53100FFA6F7 /* Sources */ = {
			isa = PBXSourcesBuildPhase;
			buildActionMask = 2147483647;
			files = (
				C33E24F2219FB53100FFA6F7 /* FeelingTests.swift in Sources */,
			);
			runOnlyForDeploymentPostprocessing = 0;
		};
		C33E24F4219FB53100FFA6F7 /* Sources */ = {
			isa = PBXSourcesBuildPhase;
			buildActionMask = 2147483647;
			files = (
				C33E24FD219FB53100FFA6F7 /* FeelingUITests.swift in Sources */,
			);
			runOnlyForDeploymentPostprocessing = 0;
		};
/* End PBXSourcesBuildPhase section */

/* Begin PBXTargetDependency section */
		C33E24EF219FB53100FFA6F7 /* PBXTargetDependency */ = {
			isa = PBXTargetDependency;
			target = C33E24D8219FB52F00FFA6F7 /* Feeling */;
			targetProxy = C33E24EE219FB53100FFA6F7 /* PBXContainerItemProxy */;
		};
		C33E24FA219FB53100FFA6F7 /* PBXTargetDependency */ = {
			isa = PBXTargetDependency;
			target = C33E24D8219FB52F00FFA6F7 /* Feeling */;
			targetProxy = C33E24F9219FB53100FFA6F7 /* PBXContainerItemProxy */;
		};
/* End PBXTargetDependency section */

/* Begin PBXVariantGroup section */
		C33E24E0219FB53000FFA6F7 /* Main.storyboard */ = {
			isa = PBXVariantGroup;
			children = (
				C33E24E1219FB53000FFA6F7 /* Base */,
			);
			name = Main.storyboard;
			sourceTree = "<group>";
		};
		C33E24E5219FB53100FFA6F7 /* LaunchScreen.storyboard */ = {
			isa = PBXVariantGroup;
			children = (
				C33E24E6219FB53100FFA6F7 /* Base */,
			);
			name = LaunchScreen.storyboard;
			sourceTree = "<group>";
		};
/* End PBXVariantGroup section */

/* Begin XCBuildConfiguration section */
		C33E24FF219FB53100FFA6F7 /* Debug */ = {
			isa = XCBuildConfiguration;
			buildSettings = {
				ALWAYS_SEARCH_USER_PATHS = NO;
				CLANG_ANALYZER_NONNULL = YES;
				CLANG_ANALYZER_NUMBER_OBJECT_CONVERSION = YES_AGGRESSIVE;
				CLANG_CXX_LANGUAGE_STANDARD = "gnu++14";
				CLANG_CXX_LIBRARY = "libc++";
				CLANG_ENABLE_MODULES = YES;
				CLANG_ENABLE_OBJC_ARC = YES;
				CLANG_ENABLE_OBJC_WEAK = YES;
				CLANG_WARN_BLOCK_CAPTURE_AUTORELEASING = YES;
				CLANG_WARN_BOOL_CONVERSION = YES;
				CLANG_WARN_COMMA = YES;
				CLANG_WARN_CONSTANT_CONVERSION = YES;
				CLANG_WARN_DEPRECATED_OBJC_IMPLEMENTATIONS = YES;
				CLANG_WARN_DIRECT_OBJC_ISA_USAGE = YES_ERROR;
				CLANG_WARN_DOCUMENTATION_COMMENTS = YES;
				CLANG_WARN_EMPTY_BODY = YES;
				CLANG_WARN_ENUM_CONVERSION = YES;
				CLANG_WARN_INFINITE_RECURSION = YES;
				CLANG_WARN_INT_CONVERSION = YES;
				CLANG_WARN_NON_LITERAL_NULL_CONVERSION = YES;
				CLANG_WARN_OBJC_IMPLICIT_RETAIN_SELF = YES;
				CLANG_WARN_OBJC_LITERAL_CONVERSION = YES;
				CLANG_WARN_OBJC_ROOT_CLASS = YES_ERROR;
				CLANG_WARN_RANGE_LOOP_ANALYSIS = YES;
				CLANG_WARN_STRICT_PROTOTYPES = YES;
				CLANG_WARN_SUSPICIOUS_MOVE = YES;
				CLANG_WARN_UNGUARDED_AVAILABILITY = YES_AGGRESSIVE;
				CLANG_WARN_UNREACHABLE_CODE = YES;
				CLANG_WARN__DUPLICATE_METHOD_MATCH = YES;
				CODE_SIGN_IDENTITY = "iPhone Developer";
				COPY_PHASE_STRIP = NO;
				DEBUG_INFORMATION_FORMAT = dwarf;
				ENABLE_STRICT_OBJC_MSGSEND = YES;
				ENABLE_TESTABILITY = YES;
				GCC_C_LANGUAGE_STANDARD = gnu11;
				GCC_DYNAMIC_NO_PIC = NO;
				GCC_NO_COMMON_BLOCKS = YES;
				GCC_OPTIMIZATION_LEVEL = 0;
				GCC_PREPROCESSOR_DEFINITIONS = (
					"DEBUG=1",
					"$(inherited)",
				);
				GCC_WARN_64_TO_32_BIT_CONVERSION = YES;
				GCC_WARN_ABOUT_RETURN_TYPE = YES_ERROR;
				GCC_WARN_UNDECLARED_SELECTOR = YES;
				GCC_WARN_UNINITIALIZED_AUTOS = YES_AGGRESSIVE;
				GCC_WARN_UNUSED_FUNCTION = YES;
				GCC_WARN_UNUSED_VARIABLE = YES;
				IPHONEOS_DEPLOYMENT_TARGET = 12.0;
				MTL_ENABLE_DEBUG_INFO = INCLUDE_SOURCE;
				MTL_FAST_MATH = YES;
				ONLY_ACTIVE_ARCH = YES;
				SDKROOT = iphoneos;
				SWIFT_ACTIVE_COMPILATION_CONDITIONS = DEBUG;
				SWIFT_OPTIMIZATION_LEVEL = "-Onone";
			};
			name = Debug;
		};
		C33E2500219FB53100FFA6F7 /* Release */ = {
			isa = XCBuildConfiguration;
			buildSettings = {
				ALWAYS_SEARCH_USER_PATHS = NO;
				CLANG_ANALYZER_NONNULL = YES;
				CLANG_ANALYZER_NUMBER_OBJECT_CONVERSION = YES_AGGRESSIVE;
				CLANG_CXX_LANGUAGE_STANDARD = "gnu++14";
				CLANG_CXX_LIBRARY = "libc++";
				CLANG_ENABLE_MODULES = YES;
				CLANG_ENABLE_OBJC_ARC = YES;
				CLANG_ENABLE_OBJC_WEAK = YES;
				CLANG_WARN_BLOCK_CAPTURE_AUTORELEASING = YES;
				CLANG_WARN_BOOL_CONVERSION = YES;
				CLANG_WARN_COMMA = YES;
				CLANG_WARN_CONSTANT_CONVERSION = YES;
				CLANG_WARN_DEPRECATED_OBJC_IMPLEMENTATIONS = YES;
				CLANG_WARN_DIRECT_OBJC_ISA_USAGE = YES_ERROR;
				CLANG_WARN_DOCUMENTATION_COMMENTS = YES;
				CLANG_WARN_EMPTY_BODY = YES;
				CLANG_WARN_ENUM_CONVERSION = YES;
				CLANG_WARN_INFINITE_RECURSION = YES;
				CLANG_WARN_INT_CONVERSION = YES;
				CLANG_WARN_NON_LITERAL_NULL_CONVERSION = YES;
				CLANG_WARN_OBJC_IMPLICIT_RETAIN_SELF = YES;
				CLANG_WARN_OBJC_LITERAL_CONVERSION = YES;
				CLANG_WARN_OBJC_ROOT_CLASS = YES_ERROR;
				CLANG_WARN_RANGE_LOOP_ANALYSIS = YES;
				CLANG_WARN_STRICT_PROTOTYPES = YES;
				CLANG_WARN_SUSPICIOUS_MOVE = YES;
				CLANG_WARN_UNGUARDED_AVAILABILITY = YES_AGGRESSIVE;
				CLANG_WARN_UNREACHABLE_CODE = YES;
				CLANG_WARN__DUPLICATE_METHOD_MATCH = YES;
				CODE_SIGN_IDENTITY = "iPhone Developer";
				COPY_PHASE_STRIP = NO;
				DEBUG_INFORMATION_FORMAT = "dwarf-with-dsym";
				ENABLE_NS_ASSERTIONS = NO;
				ENABLE_STRICT_OBJC_MSGSEND = YES;
				GCC_C_LANGUAGE_STANDARD = gnu11;
				GCC_NO_COMMON_BLOCKS = YES;
				GCC_WARN_64_TO_32_BIT_CONVERSION = YES;
				GCC_WARN_ABOUT_RETURN_TYPE = YES_ERROR;
				GCC_WARN_UNDECLARED_SELECTOR = YES;
				GCC_WARN_UNINITIALIZED_AUTOS = YES_AGGRESSIVE;
				GCC_WARN_UNUSED_FUNCTION = YES;
				GCC_WARN_UNUSED_VARIABLE = YES;
				IPHONEOS_DEPLOYMENT_TARGET = 12.0;
				MTL_ENABLE_DEBUG_INFO = NO;
				MTL_FAST_MATH = YES;
				SDKROOT = iphoneos;
				SWIFT_COMPILATION_MODE = wholemodule;
				SWIFT_OPTIMIZATION_LEVEL = "-O";
				VALIDATE_PRODUCT = YES;
			};
			name = Release;
		};
		C33E2502219FB53100FFA6F7 /* Debug */ = {
			isa = XCBuildConfiguration;
			buildSettings = {
				ASSETCATALOG_COMPILER_APPICON_NAME = AppIcon;
				CODE_SIGN_STYLE = Automatic;
				INFOPLIST_FILE = Feeling/Info.plist;
				LD_RUNPATH_SEARCH_PATHS = (
					"$(inherited)",
					"@executable_path/Frameworks",
				);
				PRODUCT_BUNDLE_IDENTIFIER = JaySwan.Feeling;
				PRODUCT_NAME = "$(TARGET_NAME)";
				SWIFT_VERSION = 4.2;
				TARGETED_DEVICE_FAMILY = "1,2";
			};
			name = Debug;
		};
		C33E2503219FB53100FFA6F7 /* Release */ = {
			isa = XCBuildConfiguration;
			buildSettings = {
				ASSETCATALOG_COMPILER_APPICON_NAME = AppIcon;
				CODE_SIGN_STYLE = Automatic;
				INFOPLIST_FILE = Feeling/Info.plist;
				LD_RUNPATH_SEARCH_PATHS = (
					"$(inherited)",
					"@executable_path/Frameworks",
				);
				PRODUCT_BUNDLE_IDENTIFIER = JaySwan.Feeling;
				PRODUCT_NAME = "$(TARGET_NAME)";
				SWIFT_VERSION = 4.2;
				TARGETED_DEVICE_FAMILY = "1,2";
			};
			name = Release;
		};
		C33E2505219FB53100FFA6F7 /* Debug */ = {
			isa = XCBuildConfiguration;
			buildSettings = {
				ALWAYS_EMBED_SWIFT_STANDARD_LIBRARIES = YES;
				BUNDLE_LOADER = "$(TEST_HOST)";
				CODE_SIGN_STYLE = Automatic;
				INFOPLIST_FILE = FeelingTests/Info.plist;
				LD_RUNPATH_SEARCH_PATHS = (
					"$(inherited)",
					"@executable_path/Frameworks",
					"@loader_path/Frameworks",
				);
				PRODUCT_BUNDLE_IDENTIFIER = JaySwan.FeelingTests;
				PRODUCT_NAME = "$(TARGET_NAME)";
				SWIFT_VERSION = 4.2;
				TARGETED_DEVICE_FAMILY = "1,2";
				TEST_HOST = "$(BUILT_PRODUCTS_DIR)/Feeling.app/Feeling";
			};
			name = Debug;
		};
		C33E2506219FB53100FFA6F7 /* Release */ = {
			isa = XCBuildConfiguration;
			buildSettings = {
				ALWAYS_EMBED_SWIFT_STANDARD_LIBRARIES = YES;
				BUNDLE_LOADER = "$(TEST_HOST)";
				CODE_SIGN_STYLE = Automatic;
				INFOPLIST_FILE = FeelingTests/Info.plist;
				LD_RUNPATH_SEARCH_PATHS = (
					"$(inherited)",
					"@executable_path/Frameworks",
					"@loader_path/Frameworks",
				);
				PRODUCT_BUNDLE_IDENTIFIER = JaySwan.FeelingTests;
				PRODUCT_NAME = "$(TARGET_NAME)";
				SWIFT_VERSION = 4.2;
				TARGETED_DEVICE_FAMILY = "1,2";
				TEST_HOST = "$(BUILT_PRODUCTS_DIR)/Feeling.app/Feeling";
			};
			name = Release;
		};
		C33E2508219FB53100FFA6F7 /* Debug */ = {
			isa = XCBuildConfiguration;
			buildSettings = {
				ALWAYS_EMBED_SWIFT_STANDARD_LIBRARIES = YES;
				CODE_SIGN_STYLE = Automatic;
				INFOPLIST_FILE = FeelingUITests/Info.plist;
				LD_RUNPATH_SEARCH_PATHS = (
					"$(inherited)",
					"@executable_path/Frameworks",
					"@loader_path/Frameworks",
				);
				PRODUCT_BUNDLE_IDENTIFIER = JaySwan.FeelingUITests;
				PRODUCT_NAME = "$(TARGET_NAME)";
				SWIFT_VERSION = 4.2;
				TARGETED_DEVICE_FAMILY = "1,2";
				TEST_TARGET_NAME = Feeling;
			};
			name = Debug;
		};
		C33E2509219FB53100FFA6F7 /* Release */ = {
			isa = XCBuildConfiguration;
			buildSettings = {
				ALWAYS_EMBED_SWIFT_STANDARD_LIBRARIES = YES;
				CODE_SIGN_STYLE = Automatic;
				INFOPLIST_FILE = FeelingUITests/Info.plist;
				LD_RUNPATH_SEARCH_PATHS = (
					"$(inherited)",
					"@executable_path/Frameworks",
					"@loader_path/Frameworks",
				);
				PRODUCT_BUNDLE_IDENTIFIER = JaySwan.FeelingUITests;
				PRODUCT_NAME = "$(TARGET_NAME)";
				SWIFT_VERSION = 4.2;
				TARGETED_DEVICE_FAMILY = "1,2";
				TEST_TARGET_NAME = Feeling;
			};
			name = Release;
		};
/* End XCBuildConfiguration section */

/* Begin XCConfigurationList section */
		C33E24D4219FB52F00FFA6F7 /* Build configuration list for PBXProject "Feeling" */ = {
			isa = XCConfigurationList;
			buildConfigurations = (
				C33E24FF219FB53100FFA6F7 /* Debug */,
				C33E2500219FB53100FFA6F7 /* Release */,
			);
			defaultConfigurationIsVisible = 0;
			defaultConfigurationName = Release;
		};
		C33E2501219FB53100FFA6F7 /* Build configuration list for PBXNativeTarget "Feeling" */ = {
			isa = XCConfigurationList;
			buildConfigurations = (
				C33E2502219FB53100FFA6F7 /* Debug */,
				C33E2503219FB53100FFA6F7 /* Release */,
			);
			defaultConfigurationIsVisible = 0;
			defaultConfigurationName = Release;
		};
		C33E2504219FB53100FFA6F7 /* Build configuration list for PBXNativeTarget "FeelingTests" */ = {
			isa = XCConfigurationList;
			buildConfigurations = (
				C33E2505219FB53100FFA6F7 /* Debug */,
				C33E2506219FB53100FFA6F7 /* Release */,
			);
			defaultConfigurationIsVisible = 0;
			defaultConfigurationName = Release;
		};
		C33E2507219FB53100FFA6F7 /* Build configuration list for PBXNativeTarget "FeelingUITests" */ = {
			isa = XCConfigurationList;
			buildConfigurations = (
				C33E2508219FB53100FFA6F7 /* Debug */,
				C33E2509219FB53100FFA6F7 /* Release */,
			);
			defaultConfigurationIsVisible = 0;
			defaultConfigurationName = Release;
		};
/* End XCConfigurationList section */
	};
	rootObject = C33E24D1219FB52F00FFA6F7 /* Project object */;
}
